
Microsoft Visual Studio Solution File, Format Version 12.00
# Visual Studio Version 16
VisualStudioVersion = 16.0.29509.3
MinimumVisualStudioVersion = 10.0.40219.1
Project("{9A19103F-16F7-4668-BE54-9A1E7A4F7556}") = "AuthenticationServiceWithJWT", "AuthenticationServiceWithJWT\AuthenticationServiceWithJWT.csproj", "{D9819A5D-B501-49C9-AFC5-54CAC772B80D}"
EndProject
Project("{FAE04EC0-301F-11D3-BF4B-00C04F79EFBC}") = "HMAC-SHA256-EXAMPLE", "HMAC-SHA256-EXAMPLE\HMAC-SHA256-EXAMPLE.csproj", "{635398CD-6303-422E-84CF-F1B71E148C09}"
EndProject
Global
	GlobalSection(SolutionConfigurationPlatforms) = preSolution
		Debug|Any CPU = Debug|Any CPU
		Release|Any CPU = Release|Any CPU
	EndGlobalSection
	GlobalSection(ProjectConfigurationPlatforms) = postSolution
		{D9819A5D-B501-49C9-AFC5-54CAC772B80D}.Debug|Any CPU.ActiveCfg = Debug|Any CPU
		{D9819A5D-B501-49C9-AFC5-54CAC772B80D}.Debug|Any CPU.Build.0 = Debug|Any CPU
		{D9819A5D-B501-49C9-AFC5-54CAC772B80D}.Release|Any CPU.ActiveCfg = Release|Any CPU
		{D9819A5D-B501-49C9-AFC5-54CAC772B80D}.Release|Any CPU.Build.0 = Release|Any CPU
		{635398CD-6303-422E-84CF-F1B71E148C09}.Debug|Any CPU.ActiveCfg = Debug|Any CPU
		{635398CD-6303-422E-84CF-F1B71E148C09}.Debug|Any CPU.Build.0 = Debug|Any CPU
		{635398CD-6303-422E-84CF-F1B71E148C09}.Release|Any CPU.ActiveCfg = Release|Any CPU
		{635398CD-6303-422E-84CF-F1B71E148C09}.Release|Any CPU.Build.0 = Release|Any CPU
	EndGlobalSection
	GlobalSection(SolutionProperties) = preSolution
		HideSolutionNode = FALSE
	EndGlobalSection
	GlobalSection(ExtensibilityGlobals) = postSolution
		SolutionGuid = {1581623F-CE7D-40F6-91B0-874BAE81106D}
	EndGlobalSection
EndGlobal
